
Microsoft Visual Studio Solution File, Format Version 12.00
# Visual Studio Version 17
VisualStudioVersion = 17.11.35312.102
MinimumVisualStudioVersion = 10.0.40219.1
Project("{9A19103F-16F7-4668-BE54-9A1E7A4F7556}") = "Tyuiu.BlagihIA.Sprint3.Task0.V28", "Tyuiu.BlagihIA.Sprint3.Task0.V28\Tyuiu.BlagihIA.Sprint3.Task0.V28.csproj", "{21DEF21F-A5CE-494A-A973-D6D17CD70774}"
EndProject
Project("{9A19103F-16F7-4668-BE54-9A1E7A4F7556}") = "Tyuiu.BlagihIA.Sprint3.Task0.V28.Lib", "Tyuiu.BlagihIA.Sprint3.Task0.V28.Lib\Tyuiu.BlagihIA.Sprint3.Task0.V28.Lib.csproj", "{A8FA46B4-9C18-4B33-BCA2-D794C0604980}"
EndProject
Project("{9A19103F-16F7-4668-BE54-9A1E7A4F7556}") = "Tyuiu.BlagihIA.Sprint3.Task0.V28.Test", "Tyuiu.BlagihIA.Sprint3.Task0.V28.Test\Tyuiu.BlagihIA.Sprint3.Task0.V28.Test.csproj", "{CB229B14-EF96-480F-8538-D31E1B2C9232}"
EndProject
Project("{2150E333-8FDC-42A3-9474-1A3956D46DE8}") = "Task0", "Task0", "{BFCEB13A-C200-484E-9ADD-FE8FB167BC97}"
EndProject
Project("{2150E333-8FDC-42A3-9474-1A3956D46DE8}") = "Task1", "Task1", "{3F9C280C-06CC-4FA1-BFE5-BF0E25074D76}"
EndProject
Project("{9A19103F-16F7-4668-BE54-9A1E7A4F7556}") = "Tyuiu.BlagihIA.Sprint3.Task1.V28", "Tyuiu.BlagihIA.Sprint3.Task1.V28\Tyuiu.BlagihIA.Sprint3.Task1.V28.csproj", "{E73A2F70-8E3D-4A88-A735-A0D313D0AEA1}"
EndProject
Project("{9A19103F-16F7-4668-BE54-9A1E7A4F7556}") = "Tyuiu.BlagihIA.Sprint3.Task1.V28.Test", "Tyuiu.BlagihIA.Sprint3.Task1.V28.Test\Tyuiu.BlagihIA.Sprint3.Task1.V28.Test.csproj", "{0097C9B0-177C-4730-925A-5761CE379F65}"
EndProject
Project("{9A19103F-16F7-4668-BE54-9A1E7A4F7556}") = "Tyuiu.BlagihIA.Sprint3.Task1.V28.Lib", "Tyuiu.BlagihIA.Sprint3.Task1.V28.Lib\Tyuiu.BlagihIA.Sprint3.Task1.V28.Lib.csproj", "{C8634AC7-508F-41A3-BE97-F22D815F4CD5}"
EndProject
Project("{2150E333-8FDC-42A3-9474-1A3956D46DE8}") = "Task2", "Task2", "{487E912A-A298-423E-ADAE-B98A15CF91B2}"
EndProject
Project("{9A19103F-16F7-4668-BE54-9A1E7A4F7556}") = "Tyuiu.BlagihIA.Sprint3.Task2.V9", "Tyuiu.BlagihIA.Sprint3.Task2.V9\Tyuiu.BlagihIA.Sprint3.Task2.V9.csproj", "{807CFDB9-12C5-40BB-A903-7E0B05E6CCF3}"
EndProject
Project("{9A19103F-16F7-4668-BE54-9A1E7A4F7556}") = "Tyuiu.BlagihIA.Sprint3.Task2.V9.Lib", "Tyuiu.BlagihIA.Sprint3.Task2.V9.Lib\Tyuiu.BlagihIA.Sprint3.Task2.V9.Lib.csproj", "{402658E5-6E95-473A-AF77-0805F6B0A315}"
EndProject
Project("{9A19103F-16F7-4668-BE54-9A1E7A4F7556}") = "Tyuiu.BlagihIA.Sprint3.Task2.V9.Test", "Tyuiu.BlagihIA.Sprint3.Task2.V9.Test\Tyuiu.BlagihIA.Sprint3.Task2.V9.Test.csproj", "{81D1573B-CF9C-49C5-83A5-1F6A713CBB77}"
EndProject
Project("{2150E333-8FDC-42A3-9474-1A3956D46DE8}") = "Task3", "Task3", "{EC6319E2-A987-4D8F-A4BF-7E8989FF5042}"
EndProject
Project("{9A19103F-16F7-4668-BE54-9A1E7A4F7556}") = "Tyuiu.BlagihIA.Sprint3.Task3.V6", "Tyuiu.BlagihIA.Sprint3.Task3.V6\Tyuiu.BlagihIA.Sprint3.Task3.V6.csproj", "{34190CBA-2FF8-4EED-B650-24804AF28995}"
EndProject
Project("{9A19103F-16F7-4668-BE54-9A1E7A4F7556}") = "Tyuiu.BlagihIA.Sprint3.Task3.V6.Lib", "Tyuiu.BlagihIA.Sprint3.Task3.V6.Lib\Tyuiu.BlagihIA.Sprint3.Task3.V6.Lib.csproj", "{084BF3E4-ACEE-4B24-A093-78BCE5BDB35E}"
EndProject
Project("{9A19103F-16F7-4668-BE54-9A1E7A4F7556}") = "Tyuiu.BlagihIA.Sprint3.Task3.V6.Test", "Tyuiu.BlagihIA.Sprint3.Task3.V6.Test\Tyuiu.BlagihIA.Sprint3.Task3.V6.Test.csproj", "{7020ED60-1C74-4276-BD07-A42E0FD24380}"
EndProject
Project("{2150E333-8FDC-42A3-9474-1A3956D46DE8}") = "Task4", "Task4", "{9F1A6300-B1F1-4A16-84FF-20716BFE20FE}"
EndProject
Project("{FAE04EC0-301F-11D3-BF4B-00C04F79EFBC}") = "Tyuiu.BlagihIA.Sprint3.Task4.V2", "Tyuiu.BlagihIA.Sprint3.Task4.V2\Tyuiu.BlagihIA.Sprint3.Task4.V2.csproj", "{CA66F0D8-0DA6-4004-83CD-2D2D55DFB38B}"
EndProject
Project("{FAE04EC0-301F-11D3-BF4B-00C04F79EFBC}") = "Tyuiu.BlagihIA.Sprint3.Task4.V2.Lib", "Tyuiu.BlagihIA.Sprint3.Task4.V2.Lib\Tyuiu.BlagihIA.Sprint3.Task4.V2.Lib.csproj", "{5FA4E936-31C5-44C4-B5C5-A6D1727AA812}"
EndProject
Project("{FAE04EC0-301F-11D3-BF4B-00C04F79EFBC}") = "Tyuiu.BlagihIA.Sprint3.Task4.V2.Test", "Tyuiu.BlagihIA.Sprint3.Task4.V2.Test\Tyuiu.BlagihIA.Sprint3.Task4.V2.Test.csproj", "{024BA97B-C3ED-4083-A4E3-314B7BB3709B}"
EndProject
Global
	GlobalSection(SolutionConfigurationPlatforms) = preSolution
		Debug|Any CPU = Debug|Any CPU
		Release|Any CPU = Release|Any CPU
	EndGlobalSection
	GlobalSection(ProjectConfigurationPlatforms) = postSolution
		{21DEF21F-A5CE-494A-A973-D6D17CD70774}.Debug|Any CPU.ActiveCfg = Debug|Any CPU
		{21DEF21F-A5CE-494A-A973-D6D17CD70774}.Debug|Any CPU.Build.0 = Debug|Any CPU
		{21DEF21F-A5CE-494A-A973-D6D17CD70774}.Release|Any CPU.ActiveCfg = Release|Any CPU
		{21DEF21F-A5CE-494A-A973-D6D17CD70774}.Release|Any CPU.Build.0 = Release|Any CPU
		{A8FA46B4-9C18-4B33-BCA2-D794C0604980}.Debug|Any CPU.ActiveCfg = Debug|Any CPU
		{A8FA46B4-9C18-4B33-BCA2-D794C0604980}.Debug|Any CPU.Build.0 = Debug|Any CPU
		{A8FA46B4-9C18-4B33-BCA2-D794C0604980}.Release|Any CPU.ActiveCfg = Release|Any CPU
		{A8FA46B4-9C18-4B33-BCA2-D794C0604980}.Release|Any CPU.Build.0 = Release|Any CPU
		{CB229B14-EF96-480F-8538-D31E1B2C9232}.Debug|Any CPU.ActiveCfg = Debug|Any CPU
		{CB229B14-EF96-480F-8538-D31E1B2C9232}.Debug|Any CPU.Build.0 = Debug|Any CPU
		{CB229B14-EF96-480F-8538-D31E1B2C9232}.Release|Any CPU.ActiveCfg = Release|Any CPU
		{CB229B14-EF96-480F-8538-D31E1B2C9232}.Release|Any CPU.Build.0 = Release|Any CPU
		{E73A2F70-8E3D-4A88-A735-A0D313D0AEA1}.Debug|Any CPU.ActiveCfg = Debug|Any CPU
		{E73A2F70-8E3D-4A88-A735-A0D313D0AEA1}.Debug|Any CPU.Build.0 = Debug|Any CPU
		{E73A2F70-8E3D-4A88-A735-A0D313D0AEA1}.Release|Any CPU.ActiveCfg = Release|Any CPU
		{E73A2F70-8E3D-4A88-A735-A0D313D0AEA1}.Release|Any CPU.Build.0 = Release|Any CPU
		{0097C9B0-177C-4730-925A-5761CE379F65}.Debug|Any CPU.ActiveCfg = Debug|Any CPU
		{0097C9B0-177C-4730-925A-5761CE379F65}.Debug|Any CPU.Build.0 = Debug|Any CPU
		{0097C9B0-177C-4730-925A-5761CE379F65}.Release|Any CPU.ActiveCfg = Release|Any CPU
		{0097C9B0-177C-4730-925A-5761CE379F65}.Release|Any CPU.Build.0 = Release|Any CPU
		{C8634AC7-508F-41A3-BE97-F22D815F4CD5}.Debug|Any CPU.ActiveCfg = Debug|Any CPU
		{C8634AC7-508F-41A3-BE97-F22D815F4CD5}.Debug|Any CPU.Build.0 = Debug|Any CPU
		{C8634AC7-508F-41A3-BE97-F22D815F4CD5}.Release|Any CPU.ActiveCfg = Release|Any CPU
		{C8634AC7-508F-41A3-BE97-F22D815F4CD5}.Release|Any CPU.Build.0 = Release|Any CPU
		{807CFDB9-12C5-40BB-A903-7E0B05E6CCF3}.Debug|Any CPU.ActiveCfg = Debug|Any CPU
		{807CFDB9-12C5-40BB-A903-7E0B05E6CCF3}.Debug|Any CPU.Build.0 = Debug|Any CPU
		{807CFDB9-12C5-40BB-A903-7E0B05E6CCF3}.Release|Any CPU.ActiveCfg = Release|Any CPU
		{807CFDB9-12C5-40BB-A903-7E0B05E6CCF3}.Release|Any CPU.Build.0 = Release|Any CPU
		{402658E5-6E95-473A-AF77-0805F6B0A315}.Debug|Any CPU.ActiveCfg = Debug|Any CPU
		{402658E5-6E95-473A-AF77-0805F6B0A315}.Debug|Any CPU.Build.0 = Debug|Any CPU
		{402658E5-6E95-473A-AF77-0805F6B0A315}.Release|Any CPU.ActiveCfg = Release|Any CPU
		{402658E5-6E95-473A-AF77-0805F6B0A315}.Release|Any CPU.Build.0 = Release|Any CPU
		{81D1573B-CF9C-49C5-83A5-1F6A713CBB77}.Debug|Any CPU.ActiveCfg = Debug|Any CPU
		{81D1573B-CF9C-49C5-83A5-1F6A713CBB77}.Debug|Any CPU.Build.0 = Debug|Any CPU
		{81D1573B-CF9C-49C5-83A5-1F6A713CBB77}.Release|Any CPU.ActiveCfg = Release|Any CPU
		{81D1573B-CF9C-49C5-83A5-1F6A713CBB77}.Release|Any CPU.Build.0 = Release|Any CPU
		{34190CBA-2FF8-4EED-B650-24804AF28995}.Debug|Any CPU.ActiveCfg = Debug|Any CPU
		{34190CBA-2FF8-4EED-B650-24804AF28995}.Debug|Any CPU.Build.0 = Debug|Any CPU
		{34190CBA-2FF8-4EED-B650-24804AF28995}.Release|Any CPU.ActiveCfg = Release|Any CPU
		{34190CBA-2FF8-4EED-B650-24804AF28995}.Release|Any CPU.Build.0 = Release|Any CPU
		{084BF3E4-ACEE-4B24-A093-78BCE5BDB35E}.Debug|Any CPU.ActiveCfg = Debug|Any CPU
		{084BF3E4-ACEE-4B24-A093-78BCE5BDB35E}.Debug|Any CPU.Build.0 = Debug|Any CPU
		{084BF3E4-ACEE-4B24-A093-78BCE5BDB35E}.Release|Any CPU.ActiveCfg = Release|Any CPU
		{084BF3E4-ACEE-4B24-A093-78BCE5BDB35E}.Release|Any CPU.Build.0 = Release|Any CPU
		{7020ED60-1C74-4276-BD07-A42E0FD24380}.Debug|Any CPU.ActiveCfg = Debug|Any CPU
		{7020ED60-1C74-4276-BD07-A42E0FD24380}.Debug|Any CPU.Build.0 = Debug|Any CPU
		{7020ED60-1C74-4276-BD07-A42E0FD24380}.Release|Any CPU.ActiveCfg = Release|Any CPU
		{7020ED60-1C74-4276-BD07-A42E0FD24380}.Release|Any CPU.Build.0 = Release|Any CPU
		{CA66F0D8-0DA6-4004-83CD-2D2D55DFB38B}.Debug|Any CPU.ActiveCfg = Debug|Any CPU
		{CA66F0D8-0DA6-4004-83CD-2D2D55DFB38B}.Debug|Any CPU.Build.0 = Debug|Any CPU
		{CA66F0D8-0DA6-4004-83CD-2D2D55DFB38B}.Release|Any CPU.ActiveCfg = Release|Any CPU
		{CA66F0D8-0DA6-4004-83CD-2D2D55DFB38B}.Release|Any CPU.Build.0 = Release|Any CPU
		{5FA4E936-31C5-44C4-B5C5-A6D1727AA812}.Debug|Any CPU.ActiveCfg = Debug|Any CPU
		{5FA4E936-31C5-44C4-B5C5-A6D1727AA812}.Debug|Any CPU.Build.0 = Debug|Any CPU
		{5FA4E936-31C5-44C4-B5C5-A6D1727AA812}.Release|Any CPU.ActiveCfg = Release|Any CPU
		{5FA4E936-31C5-44C4-B5C5-A6D1727AA812}.Release|Any CPU.Build.0 = Release|Any CPU
		{024BA97B-C3ED-4083-A4E3-314B7BB3709B}.Debug|Any CPU.ActiveCfg = Debug|Any CPU
		{024BA97B-C3ED-4083-A4E3-314B7BB3709B}.Debug|Any CPU.Build.0 = Debug|Any CPU
		{024BA97B-C3ED-4083-A4E3-314B7BB3709B}.Release|Any CPU.ActiveCfg = Release|Any CPU
		{024BA97B-C3ED-4083-A4E3-314B7BB3709B}.Release|Any CPU.Build.0 = Release|Any CPU
	EndGlobalSection
	GlobalSection(SolutionProperties) = preSolution
		HideSolutionNode = FALSE
	EndGlobalSection
	GlobalSection(NestedProjects) = preSolution
		{21DEF21F-A5CE-494A-A973-D6D17CD70774} = {BFCEB13A-C200-484E-9ADD-FE8FB167BC97}
		{A8FA46B4-9C18-4B33-BCA2-D794C0604980} = {BFCEB13A-C200-484E-9ADD-FE8FB167BC97}
		{CB229B14-EF96-480F-8538-D31E1B2C9232} = {BFCEB13A-C200-484E-9ADD-FE8FB167BC97}
		{E73A2F70-8E3D-4A88-A735-A0D313D0AEA1} = {3F9C280C-06CC-4FA1-BFE5-BF0E25074D76}
		{0097C9B0-177C-4730-925A-5761CE379F65} = {3F9C280C-06CC-4FA1-BFE5-BF0E25074D76}
		{C8634AC7-508F-41A3-BE97-F22D815F4CD5} = {3F9C280C-06CC-4FA1-BFE5-BF0E25074D76}
		{807CFDB9-12C5-40BB-A903-7E0B05E6CCF3} = {487E912A-A298-423E-ADAE-B98A15CF91B2}
		{402658E5-6E95-473A-AF77-0805F6B0A315} = {487E912A-A298-423E-ADAE-B98A15CF91B2}
		{81D1573B-CF9C-49C5-83A5-1F6A713CBB77} = {487E912A-A298-423E-ADAE-B98A15CF91B2}
		{34190CBA-2FF8-4EED-B650-24804AF28995} = {EC6319E2-A987-4D8F-A4BF-7E8989FF5042}
		{084BF3E4-ACEE-4B24-A093-78BCE5BDB35E} = {EC6319E2-A987-4D8F-A4BF-7E8989FF5042}
		{7020ED60-1C74-4276-BD07-A42E0FD24380} = {EC6319E2-A987-4D8F-A4BF-7E8989FF5042}
		{CA66F0D8-0DA6-4004-83CD-2D2D55DFB38B} = {9F1A6300-B1F1-4A16-84FF-20716BFE20FE}
		{5FA4E936-31C5-44C4-B5C5-A6D1727AA812} = {9F1A6300-B1F1-4A16-84FF-20716BFE20FE}
		{024BA97B-C3ED-4083-A4E3-314B7BB3709B} = {9F1A6300-B1F1-4A16-84FF-20716BFE20FE}
	EndGlobalSection
	GlobalSection(ExtensibilityGlobals) = postSolution
		SolutionGuid = {8F92FB4E-F223-4B21-9621-FC7E30486294}
	EndGlobalSection
EndGlobal
